
Microsoft Visual Studio Solution File, Format Version 12.00
# Visual Studio Version 17
VisualStudioVersion = 17.0.31903.59
MinimumVisualStudioVersion = 10.0.40219.1
Project("{2150E333-8FDC-42A3-9474-1A3956D46DE8}") = "mods", "mods", "{ED7DE66D-1FF1-BCCD-393E-2D4AFCA661A0}"
EndProject
Project("{2150E333-8FDC-42A3-9474-1A3956D46DE8}") = "twintubblower", "twintubblower", "{9E6D2A10-8DE6-DE22-4196-E9A66D86D92D}"
EndProject
Project("{2150E333-8FDC-42A3-9474-1A3956D46DE8}") = "src", "src", "{A47A91B5-E025-7AC4-5A76-B03792752085}"
EndProject
Project("{FAE04EC0-301F-11D3-BF4B-00C04F79EFBC}") = "TwinTubBlower", "mods\twintubblower\src\TwinTubBlower.csproj", "{B94A85BF-932C-4E32-A667-EE93E55745DA}"
EndProject
Project("{2150E333-8FDC-42A3-9474-1A3956D46DE8}") = "tests", "tests", "{035E55F7-7B19-7227-2FB3-67EDCD68B325}"
EndProject
Project("{FAE04EC0-301F-11D3-BF4B-00C04F79EFBC}") = "TwinTubBlower.Tests", "mods\twintubblower\tests\TwinTubBlower.Tests.csproj", "{D6E79542-BEF6-489F-8AAE-B1892D663AB2}"
EndProject
Project("{2150E333-8FDC-42A3-9474-1A3956D46DE8}") = "burdenmaker", "burdenmaker", "{5F280A7E-5428-7A60-1EAF-13F2E3C927D4}"
EndProject
Project("{2150E333-8FDC-42A3-9474-1A3956D46DE8}") = "src", "src", "{22920CFA-F492-2064-F072-3525D0F97F8E}"
EndProject
Project("{FAE04EC0-301F-11D3-BF4B-00C04F79EFBC}") = "BurdenMaker", "mods\burdenmaker\src\BurdenMaker.csproj", "{72FE9BED-66AE-4FBD-A72B-AED47068FA9F}"
EndProject
Project("{2150E333-8FDC-42A3-9474-1A3956D46DE8}") = "tests", "tests", "{B286572D-E8CC-E5E3-A8A4-CB63A6433211}"
EndProject
Project("{FAE04EC0-301F-11D3-BF4B-00C04F79EFBC}") = "BurdenMaker.Tests", "mods\burdenmaker\tests\BurdenMaker.Tests.csproj", "{EDFB7BBA-61FD-4B60-A11B-E9C065E00807}"
EndProject
Project("{2150E333-8FDC-42A3-9474-1A3956D46DE8}") = "platedpipes", "platedpipes", "{46B5342E-5B35-C4B9-8598-FE5BFC4DC3D4}"
EndProject
Project("{2150E333-8FDC-42A3-9474-1A3956D46DE8}") = "src", "src", "{9543DDA1-09A3-050A-6128-6EF284AC7F85}"
EndProject
Project("{FAE04EC0-301F-11D3-BF4B-00C04F79EFBC}") = "PlatedPipes", "mods\platedpipes\src\PlatedPipes.csproj", "{5C9EC951-402F-462C-A8C8-B6B7B82F62A7}"
EndProject
Project("{2150E333-8FDC-42A3-9474-1A3956D46DE8}") = "tests", "tests", "{A1223796-3A0F-3617-DCD4-C8E59F76B901}"
EndProject
Project("{FAE04EC0-301F-11D3-BF4B-00C04F79EFBC}") = "PlatedPipes.Tests", "mods\platedpipes\tests\PlatedPipes.Tests.csproj", "{7791EC21-9DB2-47D7-A860-1EC2DCC611B0}"
EndProject
Project("{2150E333-8FDC-42A3-9474-1A3956D46DE8}") = "smokestack", "smokestack", "{1192E31E-7ACC-426F-5F33-057B99D8209A}"
EndProject
Project("{2150E333-8FDC-42A3-9474-1A3956D46DE8}") = "src", "src", "{19D73028-FEF4-328A-A1D6-5383CEA6D193}"
EndProject
Project("{FAE04EC0-301F-11D3-BF4B-00C04F79EFBC}") = "SmokeStack", "mods\smokestack\src\SmokeStack.csproj", "{E77D6EE5-8934-477D-96B0-8A1C79720730}"
EndProject
Project("{2150E333-8FDC-42A3-9474-1A3956D46DE8}") = "tests", "tests", "{ECC853DB-08A3-C755-60EA-2BB67D3A2932}"
EndProject
Project("{FAE04EC0-301F-11D3-BF4B-00C04F79EFBC}") = "SmokeStack.Tests", "mods\smokestack\tests\SmokeStack.Tests.csproj", "{05043816-7AA2-4CCF-A078-AE6EAA3A3332}"
EndProject
Global
	GlobalSection(SolutionConfigurationPlatforms) = preSolution
		Debug|Any CPU = Debug|Any CPU
		Debug|x64 = Debug|x64
		Debug|x86 = Debug|x86
		Release|Any CPU = Release|Any CPU
		Release|x64 = Release|x64
		Release|x86 = Release|x86
	EndGlobalSection
	GlobalSection(ProjectConfigurationPlatforms) = postSolution
		{B94A85BF-932C-4E32-A667-EE93E55745DA}.Debug|Any CPU.ActiveCfg = Debug|Any CPU
		{B94A85BF-932C-4E32-A667-EE93E55745DA}.Debug|Any CPU.Build.0 = Debug|Any CPU
		{B94A85BF-932C-4E32-A667-EE93E55745DA}.Debug|x64.ActiveCfg = Debug|Any CPU
		{B94A85BF-932C-4E32-A667-EE93E55745DA}.Debug|x64.Build.0 = Debug|Any CPU
		{B94A85BF-932C-4E32-A667-EE93E55745DA}.Debug|x86.ActiveCfg = Debug|Any CPU
		{B94A85BF-932C-4E32-A667-EE93E55745DA}.Debug|x86.Build.0 = Debug|Any CPU
		{B94A85BF-932C-4E32-A667-EE93E55745DA}.Release|Any CPU.ActiveCfg = Release|Any CPU
		{B94A85BF-932C-4E32-A667-EE93E55745DA}.Release|Any CPU.Build.0 = Release|Any CPU
		{B94A85BF-932C-4E32-A667-EE93E55745DA}.Release|x64.ActiveCfg = Release|Any CPU
		{B94A85BF-932C-4E32-A667-EE93E55745DA}.Release|x64.Build.0 = Release|Any CPU
		{B94A85BF-932C-4E32-A667-EE93E55745DA}.Release|x86.ActiveCfg = Release|Any CPU
		{B94A85BF-932C-4E32-A667-EE93E55745DA}.Release|x86.Build.0 = Release|Any CPU
		{D6E79542-BEF6-489F-8AAE-B1892D663AB2}.Debug|Any CPU.ActiveCfg = Debug|Any CPU
		{D6E79542-BEF6-489F-8AAE-B1892D663AB2}.Debug|Any CPU.Build.0 = Debug|Any CPU
		{D6E79542-BEF6-489F-8AAE-B1892D663AB2}.Debug|x64.ActiveCfg = Debug|Any CPU
		{D6E79542-BEF6-489F-8AAE-B1892D663AB2}.Debug|x64.Build.0 = Debug|Any CPU
		{D6E79542-BEF6-489F-8AAE-B1892D663AB2}.Debug|x86.ActiveCfg = Debug|Any CPU
		{D6E79542-BEF6-489F-8AAE-B1892D663AB2}.Debug|x86.Build.0 = Debug|Any CPU
		{D6E79542-BEF6-489F-8AAE-B1892D663AB2}.Release|Any CPU.ActiveCfg = Release|Any CPU
		{D6E79542-BEF6-489F-8AAE-B1892D663AB2}.Release|Any CPU.Build.0 = Release|Any CPU
		{D6E79542-BEF6-489F-8AAE-B1892D663AB2}.Release|x64.ActiveCfg = Release|Any CPU
		{D6E79542-BEF6-489F-8AAE-B1892D663AB2}.Release|x64.Build.0 = Release|Any CPU
		{D6E79542-BEF6-489F-8AAE-B1892D663AB2}.Release|x86.ActiveCfg = Release|Any CPU
		{D6E79542-BEF6-489F-8AAE-B1892D663AB2}.Release|x86.Build.0 = Release|Any CPU
		{72FE9BED-66AE-4FBD-A72B-AED47068FA9F}.Debug|Any CPU.ActiveCfg = Debug|Any CPU
		{72FE9BED-66AE-4FBD-A72B-AED47068FA9F}.Debug|Any CPU.Build.0 = Debug|Any CPU
		{72FE9BED-66AE-4FBD-A72B-AED47068FA9F}.Debug|x64.ActiveCfg = Debug|Any CPU
		{72FE9BED-66AE-4FBD-A72B-AED47068FA9F}.Debug|x64.Build.0 = Debug|Any CPU
		{72FE9BED-66AE-4FBD-A72B-AED47068FA9F}.Debug|x86.ActiveCfg = Debug|Any CPU
		{72FE9BED-66AE-4FBD-A72B-AED47068FA9F}.Debug|x86.Build.0 = Debug|Any CPU
		{72FE9BED-66AE-4FBD-A72B-AED47068FA9F}.Release|Any CPU.ActiveCfg = Release|Any CPU
		{72FE9BED-66AE-4FBD-A72B-AED47068FA9F}.Release|Any CPU.Build.0 = Release|Any CPU
		{72FE9BED-66AE-4FBD-A72B-AED47068FA9F}.Release|x64.ActiveCfg = Release|Any CPU
		{72FE9BED-66AE-4FBD-A72B-AED47068FA9F}.Release|x64.Build.0 = Release|Any CPU
		{72FE9BED-66AE-4FBD-A72B-AED47068FA9F}.Release|x86.ActiveCfg = Release|Any CPU
		{72FE9BED-66AE-4FBD-A72B-AED47068FA9F}.Release|x86.Build.0 = Release|Any CPU
		{EDFB7BBA-61FD-4B60-A11B-E9C065E00807}.Debug|Any CPU.ActiveCfg = Debug|Any CPU
		{EDFB7BBA-61FD-4B60-A11B-E9C065E00807}.Debug|Any CPU.Build.0 = Debug|Any CPU
		{EDFB7BBA-61FD-4B60-A11B-E9C065E00807}.Debug|x64.ActiveCfg = Debug|Any CPU
		{EDFB7BBA-61FD-4B60-A11B-E9C065E00807}.Debug|x64.Build.0 = Debug|Any CPU
		{EDFB7BBA-61FD-4B60-A11B-E9C065E00807}.Debug|x86.ActiveCfg = Debug|Any CPU
		{EDFB7BBA-61FD-4B60-A11B-E9C065E00807}.Debug|x86.Build.0 = Debug|Any CPU
		{EDFB7BBA-61FD-4B60-A11B-E9C065E00807}.Release|Any CPU.ActiveCfg = Release|Any CPU
		{EDFB7BBA-61FD-4B60-A11B-E9C065E00807}.Release|Any CPU.Build.0 = Release|Any CPU
		{EDFB7BBA-61FD-4B60-A11B-E9C065E00807}.Release|x64.ActiveCfg = Release|Any CPU
		{EDFB7BBA-61FD-4B60-A11B-E9C065E00807}.Release|x64.Build.0 = Release|Any CPU
		{EDFB7BBA-61FD-4B60-A11B-E9C065E00807}.Release|x86.ActiveCfg = Release|Any CPU
		{EDFB7BBA-61FD-4B60-A11B-E9C065E00807}.Release|x86.Build.0 = Release|Any CPU
		{5C9EC951-402F-462C-A8C8-B6B7B82F62A7}.Debug|Any CPU.ActiveCfg = Debug|Any CPU
		{5C9EC951-402F-462C-A8C8-B6B7B82F62A7}.Debug|Any CPU.Build.0 = Debug|Any CPU
		{5C9EC951-402F-462C-A8C8-B6B7B82F62A7}.Debug|x64.ActiveCfg = Debug|Any CPU
		{5C9EC951-402F-462C-A8C8-B6B7B82F62A7}.Debug|x64.Build.0 = Debug|Any CPU
		{5C9EC951-402F-462C-A8C8-B6B7B82F62A7}.Debug|x86.ActiveCfg = Debug|Any CPU
		{5C9EC951-402F-462C-A8C8-B6B7B82F62A7}.Debug|x86.Build.0 = Debug|Any CPU
		{5C9EC951-402F-462C-A8C8-B6B7B82F62A7}.Release|Any CPU.ActiveCfg = Release|Any CPU
		{5C9EC951-402F-462C-A8C8-B6B7B82F62A7}.Release|Any CPU.Build.0 = Release|Any CPU
		{5C9EC951-402F-462C-A8C8-B6B7B82F62A7}.Release|x64.ActiveCfg = Release|Any CPU
		{5C9EC951-402F-462C-A8C8-B6B7B82F62A7}.Release|x64.Build.0 = Release|Any CPU
		{5C9EC951-402F-462C-A8C8-B6B7B82F62A7}.Release|x86.ActiveCfg = Release|Any CPU
		{5C9EC951-402F-462C-A8C8-B6B7B82F62A7}.Release|x86.Build.0 = Release|Any CPU
		{7791EC21-9DB2-47D7-A860-1EC2DCC611B0}.Debug|Any CPU.ActiveCfg = Debug|Any CPU
		{7791EC21-9DB2-47D7-A860-1EC2DCC611B0}.Debug|Any CPU.Build.0 = Debug|Any CPU
		{7791EC21-9DB2-47D7-A860-1EC2DCC611B0}.Debug|x64.ActiveCfg = Debug|Any CPU
		{7791EC21-9DB2-47D7-A860-1EC2DCC611B0}.Debug|x64.Build.0 = Debug|Any CPU
		{7791EC21-9DB2-47D7-A860-1EC2DCC611B0}.Debug|x86.ActiveCfg = Debug|Any CPU
		{7791EC21-9DB2-47D7-A860-1EC2DCC611B0}.Debug|x86.Build.0 = Debug|Any CPU
		{7791EC21-9DB2-47D7-A860-1EC2DCC611B0}.Release|Any CPU.ActiveCfg = Release|Any CPU
		{7791EC21-9DB2-47D7-A860-1EC2DCC611B0}.Release|Any CPU.Build.0 = Release|Any CPU
		{7791EC21-9DB2-47D7-A860-1EC2DCC611B0}.Release|x64.ActiveCfg = Release|Any CPU
		{7791EC21-9DB2-47D7-A860-1EC2DCC611B0}.Release|x64.Build.0 = Release|Any CPU
		{7791EC21-9DB2-47D7-A860-1EC2DCC611B0}.Release|x86.ActiveCfg = Release|Any CPU
		{7791EC21-9DB2-47D7-A860-1EC2DCC611B0}.Release|x86.Build.0 = Release|Any CPU
		{E77D6EE5-8934-477D-96B0-8A1C79720730}.Debug|Any CPU.ActiveCfg = Debug|Any CPU
		{E77D6EE5-8934-477D-96B0-8A1C79720730}.Debug|Any CPU.Build.0 = Debug|Any CPU
		{E77D6EE5-8934-477D-96B0-8A1C79720730}.Debug|x64.ActiveCfg = Debug|Any CPU
		{E77D6EE5-8934-477D-96B0-8A1C79720730}.Debug|x64.Build.0 = Debug|Any CPU
		{E77D6EE5-8934-477D-96B0-8A1C79720730}.Debug|x86.ActiveCfg = Debug|Any CPU
		{E77D6EE5-8934-477D-96B0-8A1C79720730}.Debug|x86.Build.0 = Debug|Any CPU
		{E77D6EE5-8934-477D-96B0-8A1C79720730}.Release|Any CPU.ActiveCfg = Release|Any CPU
		{E77D6EE5-8934-477D-96B0-8A1C79720730}.Release|Any CPU.Build.0 = Release|Any CPU
		{E77D6EE5-8934-477D-96B0-8A1C79720730}.Release|x64.ActiveCfg = Release|Any CPU
		{E77D6EE5-8934-477D-96B0-8A1C79720730}.Release|x64.Build.0 = Release|Any CPU
		{E77D6EE5-8934-477D-96B0-8A1C79720730}.Release|x86.ActiveCfg = Release|Any CPU
		{E77D6EE5-8934-477D-96B0-8A1C79720730}.Release|x86.Build.0 = Release|Any CPU
		{05043816-7AA2-4CCF-A078-AE6EAA3A3332}.Debug|Any CPU.ActiveCfg = Debug|Any CPU
		{05043816-7AA2-4CCF-A078-AE6EAA3A3332}.Debug|Any CPU.Build.0 = Debug|Any CPU
		{05043816-7AA2-4CCF-A078-AE6EAA3A3332}.Debug|x64.ActiveCfg = Debug|Any CPU
		{05043816-7AA2-4CCF-A078-AE6EAA3A3332}.Debug|x64.Build.0 = Debug|Any CPU
		{05043816-7AA2-4CCF-A078-AE6EAA3A3332}.Debug|x86.ActiveCfg = Debug|Any CPU
		{05043816-7AA2-4CCF-A078-AE6EAA3A3332}.Debug|x86.Build.0 = Debug|Any CPU
		{05043816-7AA2-4CCF-A078-AE6EAA3A3332}.Release|Any CPU.ActiveCfg = Release|Any CPU
		{05043816-7AA2-4CCF-A078-AE6EAA3A3332}.Release|Any CPU.Build.0 = Release|Any CPU
		{05043816-7AA2-4CCF-A078-AE6EAA3A3332}.Release|x64.ActiveCfg = Release|Any CPU
		{05043816-7AA2-4CCF-A078-AE6EAA3A3332}.Release|x64.Build.0 = Release|Any CPU
		{05043816-7AA2-4CCF-A078-AE6EAA3A3332}.Release|x86.ActiveCfg = Release|Any CPU
		{05043816-7AA2-4CCF-A078-AE6EAA3A3332}.Release|x86.Build.0 = Release|Any CPU
	EndGlobalSection
	GlobalSection(SolutionProperties) = preSolution
		HideSolutionNode = FALSE
	EndGlobalSection
	GlobalSection(NestedProjects) = preSolution
		{9E6D2A10-8DE6-DE22-4196-E9A66D86D92D} = {ED7DE66D-1FF1-BCCD-393E-2D4AFCA661A0}
		{A47A91B5-E025-7AC4-5A76-B03792752085} = {9E6D2A10-8DE6-DE22-4196-E9A66D86D92D}
		{B94A85BF-932C-4E32-A667-EE93E55745DA} = {A47A91B5-E025-7AC4-5A76-B03792752085}
		{035E55F7-7B19-7227-2FB3-67EDCD68B325} = {9E6D2A10-8DE6-DE22-4196-E9A66D86D92D}
		{D6E79542-BEF6-489F-8AAE-B1892D663AB2} = {035E55F7-7B19-7227-2FB3-67EDCD68B325}
		{5F280A7E-5428-7A60-1EAF-13F2E3C927D4} = {ED7DE66D-1FF1-BCCD-393E-2D4AFCA661A0}
		{22920CFA-F492-2064-F072-3525D0F97F8E} = {5F280A7E-5428-7A60-1EAF-13F2E3C927D4}
		{72FE9BED-66AE-4FBD-A72B-AED47068FA9F} = {22920CFA-F492-2064-F072-3525D0F97F8E}
		{B286572D-E8CC-E5E3-A8A4-CB63A6433211} = {5F280A7E-5428-7A60-1EAF-13F2E3C927D4}
		{EDFB7BBA-61FD-4B60-A11B-E9C065E00807} = {B286572D-E8CC-E5E3-A8A4-CB63A6433211}
		{46B5342E-5B35-C4B9-8598-FE5BFC4DC3D4} = {ED7DE66D-1FF1-BCCD-393E-2D4AFCA661A0}
		{9543DDA1-09A3-050A-6128-6EF284AC7F85} = {46B5342E-5B35-C4B9-8598-FE5BFC4DC3D4}
		{5C9EC951-402F-462C-A8C8-B6B7B82F62A7} = {9543DDA1-09A3-050A-6128-6EF284AC7F85}
		{A1223796-3A0F-3617-DCD4-C8E59F76B901} = {46B5342E-5B35-C4B9-8598-FE5BFC4DC3D4}
		{7791EC21-9DB2-47D7-A860-1EC2DCC611B0} = {A1223796-3A0F-3617-DCD4-C8E59F76B901}
		{1192E31E-7ACC-426F-5F33-057B99D8209A} = {ED7DE66D-1FF1-BCCD-393E-2D4AFCA661A0}
		{19D73028-FEF4-328A-A1D6-5383CEA6D193} = {1192E31E-7ACC-426F-5F33-057B99D8209A}
		{E77D6EE5-8934-477D-96B0-8A1C79720730} = {19D73028-FEF4-328A-A1D6-5383CEA6D193}
		{ECC853DB-08A3-C755-60EA-2BB67D3A2932} = {1192E31E-7ACC-426F-5F33-057B99D8209A}
		{05043816-7AA2-4CCF-A078-AE6EAA3A3332} = {ECC853DB-08A3-C755-60EA-2BB67D3A2932}
	EndGlobalSection
EndGlobal
